
Microsoft Visual Studio Solution File, Format Version 12.00
# Visual Studio Version 16
VisualStudioVersion = 16.0.31624.102
MinimumVisualStudioVersion = 10.0.40219.1
Project("{FAE04EC0-301F-11D3-BF4B-00C04F79EFBC}") = "alg_08", "alg_08\alg_08.csproj", "{3D958766-1E9F-460F-8BB0-D6BED495E8BC}"
EndProject
Global
	GlobalSection(SolutionConfigurationPlatforms) = preSolution
		Debug|Any CPU = Debug|Any CPU
		Release|Any CPU = Release|Any CPU
	EndGlobalSection
	GlobalSection(ProjectConfigurationPlatforms) = postSolution
		{3D958766-1E9F-460F-8BB0-D6BED495E8BC}.Debug|Any CPU.ActiveCfg = Debug|Any CPU
		{3D958766-1E9F-460F-8BB0-D6BED495E8BC}.Debug|Any CPU.Build.0 = Debug|Any CPU
		{3D958766-1E9F-460F-8BB0-D6BED495E8BC}.Release|Any CPU.ActiveCfg = Release|Any CPU
		{3D958766-1E9F-460F-8BB0-D6BED495E8BC}.Release|Any CPU.Build.0 = Release|Any CPU
	EndGlobalSection
	GlobalSection(SolutionProperties) = preSolution
		HideSolutionNode = FALSE
	EndGlobalSection
	GlobalSection(ExtensibilityGlobals) = postSolution
		SolutionGuid = {7CC6AA92-40BB-4F0D-8260-9215748BCEC3}
	EndGlobalSection
EndGlobal
